
Microsoft Visual Studio Solution File, Format Version 12.00
# Visual Studio 14
VisualStudioVersion = 14.0.25420.1
MinimumVisualStudioVersion = 10.0.40219.1
Project("{FAE04EC0-301F-11D3-BF4B-00C04F79EFBC}") = "Tuhu.YeWu.TenGu", "Tuhu.YeWu.TenGu\Tuhu.YeWu.TenGu.csproj", "{183ACDD6-9A65-453B-B1B5-4F61E9ED4E1E}"
EndProject
Project("{2150E333-8FDC-42A3-9474-1A3956D46DE8}") = "Tuhu.YeWu.TenGu.ThBiz", "Tuhu.YeWu.TenGu.ThBiz", "{D41A7BD7-16FA-4B5E-9240-30BC1DDBEBC7}"
EndProject
Project("{FAE04EC0-301F-11D3-BF4B-00C04F79EFBC}") = "ThBiz.Business", "..\Yewu.Purchase\ThBiz.Business\ThBiz.Business.csproj", "{5CF7FF1E-2800-4802-ACC0-53E0D38B0FD7}"
EndProject
Project("{FAE04EC0-301F-11D3-BF4B-00C04F79EFBC}") = "ThBiz.Contracts", "..\Yewu.Purchase\ThBiz.Contracts\ThBiz.Contracts.csproj", "{6676EC29-9C6E-4E7E-A037-D695C6E638F5}"
EndProject
Project("{FAE04EC0-301F-11D3-BF4B-00C04F79EFBC}") = "ThBiz.DataAccess", "..\Yewu.Purchase\ThBiz.DataAccess\ThBiz.DataAccess.csproj", "{70D6059C-6654-43CC-90D4-18FAF533416B}"
EndProject
Project("{2150E333-8FDC-42A3-9474-1A3956D46DE8}") = "Tuhu.YeWu.TenGu.Common", "Tuhu.YeWu.TenGu.Common", "{895666ED-D40F-4844-B913-8459DFBAAF28}"
EndProject
Project("{FAE04EC0-301F-11D3-BF4B-00C04F79EFBC}") = "Platform", "..\Yewu.Purchase\Platform\Platform.csproj", "{C86E82F3-951B-4B4A-8787-A01F6BBCB711}"
EndProject
Project("{FAE04EC0-301F-11D3-BF4B-00C04F79EFBC}") = "ThBiz.Common", "..\Yewu.Purchase\TheBiz.Common\ThBiz.Common.csproj", "{8F6B09DC-0AB6-41A1-AD55-7E7A20083B6A}"
EndProject
Project("{FAE04EC0-301F-11D3-BF4B-00C04F79EFBC}") = "Tuhu.Component.Framework", "..\Yewu.Purchase\Tuhu.Component.Framework\Tuhu.Component.Framework.csproj", "{E575A091-5CDB-4DF4-BAE7-4F16F3ED8815}"
EndProject
Project("{2150E333-8FDC-42A3-9474-1A3956D46DE8}") = "Tuhu.YeWu.TenGu.WMS", "Tuhu.YeWu.TenGu.WMS", "{443857B9-B185-437C-BB43-C38CCD3727A4}"
EndProject
Project("{FAE04EC0-301F-11D3-BF4B-00C04F79EFBC}") = "WMS.Business", "..\Yewu.Purchase\WMS.Business\WMS.Business.csproj", "{AD99E16F-88FC-4DF4-8B51-D1EFB3AA7A3A}"
EndProject
Project("{FAE04EC0-301F-11D3-BF4B-00C04F79EFBC}") = "WMS.DataAccess", "..\Yewu.Purchase\WMS.DataAccess\WMS.DataAccess.csproj", "{F7993287-EFE1-494E-9C3A-7E23E17D00CE}"
EndProject
Project("{FAE04EC0-301F-11D3-BF4B-00C04F79EFBC}") = "WMS.Stock", "..\Yewu.Purchase\WMS.Stock\WMS.Stock.csproj", "{CB7BCDD2-150D-4E57-B143-28447F832BD8}"
EndProject
Project("{FAE04EC0-301F-11D3-BF4B-00C04F79EFBC}") = "WMS.Logistic", "..\Yewu.Purchase\ThBiz.Logistics\WMS.Logistic.csproj", "{65D97027-390D-4090-8F75-5BE3911B97EF}"
EndProject
Project("{FAE04EC0-301F-11D3-BF4B-00C04F79EFBC}") = "MvcPager", "Pager\MvcPager.csproj", "{4BA9F10C-67B7-4CD6-87B1-0519ADBCA2A1}"
EndProject
Project("{FAE04EC0-301F-11D3-BF4B-00C04F79EFBC}") = "Platform", "Platform\Platform.csproj", "{486D1C4C-7887-4460-AA78-03BBA26B726E}"
EndProject
Global
	GlobalSection(SolutionConfigurationPlatforms) = preSolution
		Debug|Any CPU = Debug|Any CPU
		Release|Any CPU = Release|Any CPU
	EndGlobalSection
	GlobalSection(ProjectConfigurationPlatforms) = postSolution
		{183ACDD6-9A65-453B-B1B5-4F61E9ED4E1E}.Debug|Any CPU.ActiveCfg = Debug|Any CPU
		{183ACDD6-9A65-453B-B1B5-4F61E9ED4E1E}.Debug|Any CPU.Build.0 = Debug|Any CPU
		{183ACDD6-9A65-453B-B1B5-4F61E9ED4E1E}.Release|Any CPU.ActiveCfg = Release|Any CPU
		{183ACDD6-9A65-453B-B1B5-4F61E9ED4E1E}.Release|Any CPU.Build.0 = Release|Any CPU
		{5CF7FF1E-2800-4802-ACC0-53E0D38B0FD7}.Debug|Any CPU.ActiveCfg = Debug|Any CPU
		{5CF7FF1E-2800-4802-ACC0-53E0D38B0FD7}.Debug|Any CPU.Build.0 = Debug|Any CPU
		{5CF7FF1E-2800-4802-ACC0-53E0D38B0FD7}.Release|Any CPU.ActiveCfg = Release|Any CPU
		{5CF7FF1E-2800-4802-ACC0-53E0D38B0FD7}.Release|Any CPU.Build.0 = Release|Any CPU
		{6676EC29-9C6E-4E7E-A037-D695C6E638F5}.Debug|Any CPU.ActiveCfg = Debug|Any CPU
		{6676EC29-9C6E-4E7E-A037-D695C6E638F5}.Debug|Any CPU.Build.0 = Debug|Any CPU
		{6676EC29-9C6E-4E7E-A037-D695C6E638F5}.Release|Any CPU.ActiveCfg = Release|Any CPU
		{6676EC29-9C6E-4E7E-A037-D695C6E638F5}.Release|Any CPU.Build.0 = Release|Any CPU
		{70D6059C-6654-43CC-90D4-18FAF533416B}.Debug|Any CPU.ActiveCfg = Debug|Any CPU
		{70D6059C-6654-43CC-90D4-18FAF533416B}.Debug|Any CPU.Build.0 = Debug|Any CPU
		{70D6059C-6654-43CC-90D4-18FAF533416B}.Release|Any CPU.ActiveCfg = Release|Any CPU
		{70D6059C-6654-43CC-90D4-18FAF533416B}.Release|Any CPU.Build.0 = Release|Any CPU
		{C86E82F3-951B-4B4A-8787-A01F6BBCB711}.Debug|Any CPU.ActiveCfg = Debug|Any CPU
		{C86E82F3-951B-4B4A-8787-A01F6BBCB711}.Debug|Any CPU.Build.0 = Debug|Any CPU
		{C86E82F3-951B-4B4A-8787-A01F6BBCB711}.Release|Any CPU.ActiveCfg = Release|Any CPU
		{C86E82F3-951B-4B4A-8787-A01F6BBCB711}.Release|Any CPU.Build.0 = Release|Any CPU
		{8F6B09DC-0AB6-41A1-AD55-7E7A20083B6A}.Debug|Any CPU.ActiveCfg = Debug|Any CPU
		{8F6B09DC-0AB6-41A1-AD55-7E7A20083B6A}.Debug|Any CPU.Build.0 = Debug|Any CPU
		{8F6B09DC-0AB6-41A1-AD55-7E7A20083B6A}.Release|Any CPU.ActiveCfg = Release|Any CPU
		{8F6B09DC-0AB6-41A1-AD55-7E7A20083B6A}.Release|Any CPU.Build.0 = Release|Any CPU
		{E575A091-5CDB-4DF4-BAE7-4F16F3ED8815}.Debug|Any CPU.ActiveCfg = Debug|Any CPU
		{E575A091-5CDB-4DF4-BAE7-4F16F3ED8815}.Debug|Any CPU.Build.0 = Debug|Any CPU
		{E575A091-5CDB-4DF4-BAE7-4F16F3ED8815}.Release|Any CPU.ActiveCfg = Release|Any CPU
		{E575A091-5CDB-4DF4-BAE7-4F16F3ED8815}.Release|Any CPU.Build.0 = Release|Any CPU
		{AD99E16F-88FC-4DF4-8B51-D1EFB3AA7A3A}.Debug|Any CPU.ActiveCfg = Debug|Any CPU
		{AD99E16F-88FC-4DF4-8B51-D1EFB3AA7A3A}.Debug|Any CPU.Build.0 = Debug|Any CPU
		{AD99E16F-88FC-4DF4-8B51-D1EFB3AA7A3A}.Release|Any CPU.ActiveCfg = Release|Any CPU
		{AD99E16F-88FC-4DF4-8B51-D1EFB3AA7A3A}.Release|Any CPU.Build.0 = Release|Any CPU
		{F7993287-EFE1-494E-9C3A-7E23E17D00CE}.Debug|Any CPU.ActiveCfg = Debug|Any CPU
		{F7993287-EFE1-494E-9C3A-7E23E17D00CE}.Debug|Any CPU.Build.0 = Debug|Any CPU
		{F7993287-EFE1-494E-9C3A-7E23E17D00CE}.Release|Any CPU.ActiveCfg = Release|Any CPU
		{F7993287-EFE1-494E-9C3A-7E23E17D00CE}.Release|Any CPU.Build.0 = Release|Any CPU
		{CB7BCDD2-150D-4E57-B143-28447F832BD8}.Debug|Any CPU.ActiveCfg = Debug|Any CPU
		{CB7BCDD2-150D-4E57-B143-28447F832BD8}.Debug|Any CPU.Build.0 = Debug|Any CPU
		{CB7BCDD2-150D-4E57-B143-28447F832BD8}.Release|Any CPU.ActiveCfg = Release|Any CPU
		{CB7BCDD2-150D-4E57-B143-28447F832BD8}.Release|Any CPU.Build.0 = Release|Any CPU
		{65D97027-390D-4090-8F75-5BE3911B97EF}.Debug|Any CPU.ActiveCfg = Debug|Any CPU
		{65D97027-390D-4090-8F75-5BE3911B97EF}.Debug|Any CPU.Build.0 = Debug|Any CPU
		{65D97027-390D-4090-8F75-5BE3911B97EF}.Release|Any CPU.ActiveCfg = Release|Any CPU
		{65D97027-390D-4090-8F75-5BE3911B97EF}.Release|Any CPU.Build.0 = Release|Any CPU
		{4BA9F10C-67B7-4CD6-87B1-0519ADBCA2A1}.Debug|Any CPU.ActiveCfg = Debug|Any CPU
		{4BA9F10C-67B7-4CD6-87B1-0519ADBCA2A1}.Debug|Any CPU.Build.0 = Debug|Any CPU
		{4BA9F10C-67B7-4CD6-87B1-0519ADBCA2A1}.Release|Any CPU.ActiveCfg = Release|Any CPU
		{4BA9F10C-67B7-4CD6-87B1-0519ADBCA2A1}.Release|Any CPU.Build.0 = Release|Any CPU
		{486D1C4C-7887-4460-AA78-03BBA26B726E}.Debug|Any CPU.ActiveCfg = Debug|Any CPU
		{486D1C4C-7887-4460-AA78-03BBA26B726E}.Debug|Any CPU.Build.0 = Debug|Any CPU
		{486D1C4C-7887-4460-AA78-03BBA26B726E}.Release|Any CPU.ActiveCfg = Release|Any CPU
		{486D1C4C-7887-4460-AA78-03BBA26B726E}.Release|Any CPU.Build.0 = Release|Any CPU
	EndGlobalSection
	GlobalSection(SolutionProperties) = preSolution
		HideSolutionNode = FALSE
	EndGlobalSection
	GlobalSection(NestedProjects) = preSolution
		{5CF7FF1E-2800-4802-ACC0-53E0D38B0FD7} = {D41A7BD7-16FA-4B5E-9240-30BC1DDBEBC7}
		{6676EC29-9C6E-4E7E-A037-D695C6E638F5} = {D41A7BD7-16FA-4B5E-9240-30BC1DDBEBC7}
		{70D6059C-6654-43CC-90D4-18FAF533416B} = {D41A7BD7-16FA-4B5E-9240-30BC1DDBEBC7}
		{C86E82F3-951B-4B4A-8787-A01F6BBCB711} = {895666ED-D40F-4844-B913-8459DFBAAF28}
		{8F6B09DC-0AB6-41A1-AD55-7E7A20083B6A} = {895666ED-D40F-4844-B913-8459DFBAAF28}
		{E575A091-5CDB-4DF4-BAE7-4F16F3ED8815} = {895666ED-D40F-4844-B913-8459DFBAAF28}
		{AD99E16F-88FC-4DF4-8B51-D1EFB3AA7A3A} = {443857B9-B185-437C-BB43-C38CCD3727A4}
		{F7993287-EFE1-494E-9C3A-7E23E17D00CE} = {443857B9-B185-437C-BB43-C38CCD3727A4}
		{CB7BCDD2-150D-4E57-B143-28447F832BD8} = {443857B9-B185-437C-BB43-C38CCD3727A4}
		{65D97027-390D-4090-8F75-5BE3911B97EF} = {443857B9-B185-437C-BB43-C38CCD3727A4}
	EndGlobalSection
EndGlobal
